// !$*UTF8*$!
{
	archiveVersion = 1;
	classes = {
	};
	objectVersion = 46;
	objects = {

/* Begin PBXBuildFile section */
		271F11D21E06516B0068561D /* AppDelegate.swift in Sources */ = {isa = PBXBuildFile; fileRef = 271F11D11E06516B0068561D /* AppDelegate.swift */; };
		271F11D81E06516B0068561D /* PlayerScene.swift in Sources */ = {isa = PBXBuildFile; fileRef = 271F11D71E06516B0068561D /* PlayerScene.swift */; };
		271F11DD1E06516B0068561D /* Main.storyboard in Resources */ = {isa = PBXBuildFile; fileRef = 271F11DB1E06516B0068561D /* Main.storyboard */; };
		271F11DF1E06516B0068561D /* Assets.xcassets in Resources */ = {isa = PBXBuildFile; fileRef = 271F11DE1E06516B0068561D /* Assets.xcassets */; };
		271F11E21E06516B0068561D /* LaunchScreen.storyboard in Resources */ = {isa = PBXBuildFile; fileRef = 271F11E01E06516B0068561D /* LaunchScreen.storyboard */; };
		271F11ED1E06516B0068561D /* TiranTests.swift in Sources */ = {isa = PBXBuildFile; fileRef = 271F11EC1E06516B0068561D /* TiranTests.swift */; };
		271F11F81E06516B0068561D /* TiranUITests.swift in Sources */ = {isa = PBXBuildFile; fileRef = 271F11F71E06516B0068561D /* TiranUITests.swift */; };
		271F5AC11E08B931000899ED /* PlayerScene.sks in Resources */ = {isa = PBXBuildFile; fileRef = 271F5AC01E08B931000899ED /* PlayerScene.sks */; };
		271F5AC31E08D676000899ED /* ControllerViewController.swift in Sources */ = {isa = PBXBuildFile; fileRef = 271F5AC21E08D676000899ED /* ControllerViewController.swift */; };
		271F5AC51E08DD9E000899ED /* JoystickViewController.swift in Sources */ = {isa = PBXBuildFile; fileRef = 271F5AC41E08DD9E000899ED /* JoystickViewController.swift */; };
		27458F401E0BE53900ADFFBC /* Player.swift in Sources */ = {isa = PBXBuildFile; fileRef = 27458F3F1E0BE53900ADFFBC /* Player.swift */; };
		27C5B1081E0B755E0087B2E2 /* Player_1.atlas in Resources */ = {isa = PBXBuildFile; fileRef = 27C5B1041E0B755E0087B2E2 /* Player_1.atlas */; };
		27C5B10F1E0B76E20087B2E2 /* Player_2.atlas in Resources */ = {isa = PBXBuildFile; fileRef = 27C5B10C1E0B76E20087B2E2 /* Player_2.atlas */; };
		27C5B1101E0B76E20087B2E2 /* Player_3.atlas in Resources */ = {isa = PBXBuildFile; fileRef = 27C5B10D1E0B76E20087B2E2 /* Player_3.atlas */; };
		27C5B1111E0B76E20087B2E2 /* Player_4.atlas in Resources */ = {isa = PBXBuildFile; fileRef = 27C5B10E1E0B76E20087B2E2 /* Player_4.atlas */; };
		27C5B1131E0B7BC00087B2E2 /* PlayerSelectionViewController.swift in Sources */ = {isa = PBXBuildFile; fileRef = 27C5B1121E0B7BC00087B2E2 /* PlayerSelectionViewController.swift */; };
		27C5B1151E0B7F800087B2E2 /* PlayerSelectionTableViewCell.swift in Sources */ = {isa = PBXBuildFile; fileRef = 27C5B1141E0B7F800087B2E2 /* PlayerSelectionTableViewCell.swift */; };
		27CF5A921E0A5F0100BBE53F /* NetworkingViewController.swift in Sources */ = {isa = PBXBuildFile; fileRef = 27CF5A911E0A5F0100BBE53F /* NetworkingViewController.swift */; };
		27CF5A951E0A61C000BBE53F /* GameKit.framework in Frameworks */ = {isa = PBXBuildFile; fileRef = 27CF5A941E0A61C000BBE53F /* GameKit.framework */; };
/* End PBXBuildFile section */

/* Begin PBXContainerItemProxy section */
		271F11E91E06516B0068561D /* PBXContainerItemProxy */ = {
			isa = PBXContainerItemProxy;
			containerPortal = 271F11C61E06516B0068561D /* Project object */;
			proxyType = 1;
			remoteGlobalIDString = 271F11CD1E06516B0068561D;
			remoteInfo = Tiran;
		};
		271F11F41E06516B0068561D /* PBXContainerItemProxy */ = {
			isa = PBXContainerItemProxy;
			containerPortal = 271F11C61E06516B0068561D /* Project object */;
			proxyType = 1;
			remoteGlobalIDString = 271F11CD1E06516B0068561D;
			remoteInfo = Tiran;
		};
/* End PBXContainerItemProxy section */

/* Begin PBXFileReference section */
		271F11CE1E06516B0068561D /* Tiran.app */ = {isa = PBXFileReference; explicitFileType = wrapper.application; includeInIndex = 0; path = Tiran.app; sourceTree = BUILT_PRODUCTS_DIR; };
		271F11D11E06516B0068561D /* AppDelegate.swift */ = {isa = PBXFileReference; lastKnownFileType = sourcecode.swift; path = AppDelegate.swift; sourceTree = "<group>"; };
		271F11D71E06516B0068561D /* PlayerScene.swift */ = {isa = PBXFileReference; lastKnownFileType = sourcecode.swift; path = PlayerScene.swift; sourceTree = "<group>"; };
		271F11DC1E06516B0068561D /* Base */ = {isa = PBXFileReference; lastKnownFileType = file.storyboard; name = Base; path = Base.lproj/Main.storyboard; sourceTree = "<group>"; };
		271F11DE1E06516B0068561D /* Assets.xcassets */ = {isa = PBXFileReference; lastKnownFileType = folder.assetcatalog; path = Assets.xcassets; sourceTree = "<group>"; };
		271F11E11E06516B0068561D /* Base */ = {isa = PBXFileReference; lastKnownFileType = file.storyboard; name = Base; path = Base.lproj/LaunchScreen.storyboard; sourceTree = "<group>"; };
		271F11E31E06516B0068561D /* Info.plist */ = {isa = PBXFileReference; lastKnownFileType = text.plist.xml; path = Info.plist; sourceTree = "<group>"; };
		271F11E81E06516B0068561D /* TiranTests.xctest */ = {isa = PBXFileReference; explicitFileType = wrapper.cfbundle; includeInIndex = 0; path = TiranTests.xctest; sourceTree = BUILT_PRODUCTS_DIR; };
		271F11EC1E06516B0068561D /* TiranTests.swift */ = {isa = PBXFileReference; lastKnownFileType = sourcecode.swift; path = TiranTests.swift; sourceTree = "<group>"; };
		271F11EE1E06516B0068561D /* Info.plist */ = {isa = PBXFileReference; lastKnownFileType = text.plist.xml; path = Info.plist; sourceTree = "<group>"; };
		271F11F31E06516B0068561D /* TiranUITests.xctest */ = {isa = PBXFileReference; explicitFileType = wrapper.cfbundle; includeInIndex = 0; path = TiranUITests.xctest; sourceTree = BUILT_PRODUCTS_DIR; };
		271F11F71E06516B0068561D /* TiranUITests.swift */ = {isa = PBXFileReference; lastKnownFileType = sourcecode.swift; path = TiranUITests.swift; sourceTree = "<group>"; };
		271F11F91E06516B0068561D /* Info.plist */ = {isa = PBXFileReference; lastKnownFileType = text.plist.xml; path = Info.plist; sourceTree = "<group>"; };
		271F5AC01E08B931000899ED /* PlayerScene.sks */ = {isa = PBXFileReference; lastKnownFileType = file.sks; path = PlayerScene.sks; sourceTree = "<group>"; };
		271F5AC21E08D676000899ED /* ControllerViewController.swift */ = {isa = PBXFileReference; fileEncoding = 4; lastKnownFileType = sourcecode.swift; path = ControllerViewController.swift; sourceTree = "<group>"; };
		271F5AC41E08DD9E000899ED /* JoystickViewController.swift */ = {isa = PBXFileReference; fileEncoding = 4; lastKnownFileType = sourcecode.swift; path = JoystickViewController.swift; sourceTree = "<group>"; };
		27458F3F1E0BE53900ADFFBC /* Player.swift */ = {isa = PBXFileReference; fileEncoding = 4; lastKnownFileType = sourcecode.swift; path = Player.swift; sourceTree = "<group>"; };
		27C5B1041E0B755E0087B2E2 /* Player_1.atlas */ = {isa = PBXFileReference; lastKnownFileType = folder.skatlas; path = Player_1.atlas; sourceTree = "<group>"; };
		27C5B10C1E0B76E20087B2E2 /* Player_2.atlas */ = {isa = PBXFileReference; lastKnownFileType = folder.skatlas; path = Player_2.atlas; sourceTree = "<group>"; };
		27C5B10D1E0B76E20087B2E2 /* Player_3.atlas */ = {isa = PBXFileReference; lastKnownFileType = folder.skatlas; path = Player_3.atlas; sourceTree = "<group>"; };
		27C5B10E1E0B76E20087B2E2 /* Player_4.atlas */ = {isa = PBXFileReference; lastKnownFileType = folder.skatlas; path = Player_4.atlas; sourceTree = "<group>"; };
		27C5B1121E0B7BC00087B2E2 /* PlayerSelectionViewController.swift */ = {isa = PBXFileReference; fileEncoding = 4; lastKnownFileType = sourcecode.swift; path = PlayerSelectionViewController.swift; sourceTree = "<group>"; };
		27C5B1141E0B7F800087B2E2 /* PlayerSelectionTableViewCell.swift */ = {isa = PBXFileReference; fileEncoding = 4; lastKnownFileType = sourcecode.swift; path = PlayerSelectionTableViewCell.swift; sourceTree = "<group>"; };
		27CF5A911E0A5F0100BBE53F /* NetworkingViewController.swift */ = {isa = PBXFileReference; fileEncoding = 4; lastKnownFileType = sourcecode.swift; path = NetworkingViewController.swift; sourceTree = "<group>"; };
		27CF5A941E0A61C000BBE53F /* GameKit.framework */ = {isa = PBXFileReference; lastKnownFileType = wrapper.framework; name = GameKit.framework; path = System/Library/Frameworks/GameKit.framework; sourceTree = SDKROOT; };
/* End PBXFileReference section */

/* Begin PBXFrameworksBuildPhase section */
		271F11CB1E06516B0068561D /* Frameworks */ = {
			isa = PBXFrameworksBuildPhase;
			buildActionMask = 2147483647;
			files = (
				27CF5A951E0A61C000BBE53F /* GameKit.framework in Frameworks */,
			);
			runOnlyForDeploymentPostprocessing = 0;
		};
		271F11E51E06516B0068561D /* Frameworks */ = {
			isa = PBXFrameworksBuildPhase;
			buildActionMask = 2147483647;
			files = (
			);
			runOnlyForDeploymentPostprocessing = 0;
		};
		271F11F01E06516B0068561D /* Frameworks */ = {
			isa = PBXFrameworksBuildPhase;
			buildActionMask = 2147483647;
			files = (
			);
			runOnlyForDeploymentPostprocessing = 0;
		};
/* End PBXFrameworksBuildPhase section */

/* Begin PBXGroup section */
		271F11C51E06516B0068561D = {
			isa = PBXGroup;
			children = (
				271F11D01E06516B0068561D /* Tiran */,
				271F11EB1E06516B0068561D /* TiranTests */,
				271F11F61E06516B0068561D /* TiranUITests */,
				271F11CF1E06516B0068561D /* Products */,
				27CF5A931E0A61C000BBE53F /* Frameworks */,
			);
			sourceTree = "<group>";
		};
		271F11CF1E06516B0068561D /* Products */ = {
			isa = PBXGroup;
			children = (
				271F11CE1E06516B0068561D /* Tiran.app */,
				271F11E81E06516B0068561D /* TiranTests.xctest */,
				271F11F31E06516B0068561D /* TiranUITests.xctest */,
			);
			name = Products;
			sourceTree = "<group>";
		};
		271F11D01E06516B0068561D /* Tiran */ = {
			isa = PBXGroup;
			children = (
				27458F411E0BE53F00ADFFBC /* Model */,
				27C5B1181E0B82AF0087B2E2 /* ViewControllers */,
				27C5B1171E0B82A60087B2E2 /* Scenes */,
				27C5B1161E0B829B0087B2E2 /* View */,
				273191D51E07DFE90061F7D9 /* Supporting Files */,
				271F11DB1E06516B0068561D /* Main.storyboard */,
			);
			path = Tiran;
			sourceTree = "<group>";
		};
		271F11EB1E06516B0068561D /* TiranTests */ = {
			isa = PBXGroup;
			children = (
				271F11EC1E06516B0068561D /* TiranTests.swift */,
				271F11EE1E06516B0068561D /* Info.plist */,
			);
			path = TiranTests;
			sourceTree = "<group>";
		};
		271F11F61E06516B0068561D /* TiranUITests */ = {
			isa = PBXGroup;
			children = (
				271F11F71E06516B0068561D /* TiranUITests.swift */,
				271F11F91E06516B0068561D /* Info.plist */,
			);
			path = TiranUITests;
			sourceTree = "<group>";
		};
		273191D51E07DFE90061F7D9 /* Supporting Files */ = {
			isa = PBXGroup;
			children = (
				271F11D11E06516B0068561D /* AppDelegate.swift */,
				271F11DE1E06516B0068561D /* Assets.xcassets */,
				27C5B1041E0B755E0087B2E2 /* Player_1.atlas */,
				27C5B10C1E0B76E20087B2E2 /* Player_2.atlas */,
				27C5B10D1E0B76E20087B2E2 /* Player_3.atlas */,
				27C5B10E1E0B76E20087B2E2 /* Player_4.atlas */,
				271F11E01E06516B0068561D /* LaunchScreen.storyboard */,
				271F11E31E06516B0068561D /* Info.plist */,
			);
			name = "Supporting Files";
			sourceTree = "<group>";
		};
		27458F411E0BE53F00ADFFBC /* Model */ = {
			isa = PBXGroup;
			children = (
				27458F3F1E0BE53900ADFFBC /* Player.swift */,
			);
			name = Model;
			sourceTree = "<group>";
		};
		27C5B1161E0B829B0087B2E2 /* View */ = {
			isa = PBXGroup;
			children = (
				27C5B1141E0B7F800087B2E2 /* PlayerSelectionTableViewCell.swift */,
			);
			name = View;
			sourceTree = "<group>";
		};
		27C5B1171E0B82A60087B2E2 /* Scenes */ = {
			isa = PBXGroup;
			children = (
				271F11D71E06516B0068561D /* PlayerScene.swift */,
				271F5AC01E08B931000899ED /* PlayerScene.sks */,
			);
			name = Scenes;
			sourceTree = "<group>";
		};
		27C5B1181E0B82AF0087B2E2 /* ViewControllers */ = {
			isa = PBXGroup;
			children = (
				271F5AC21E08D676000899ED /* ControllerViewController.swift */,
				27C5B1121E0B7BC00087B2E2 /* PlayerSelectionViewController.swift */,
				27CF5A911E0A5F0100BBE53F /* NetworkingViewController.swift */,
				271F5AC41E08DD9E000899ED /* JoystickViewController.swift */,
			);
			name = ViewControllers;
			sourceTree = "<group>";
		};
		27CF5A931E0A61C000BBE53F /* Frameworks */ = {
			isa = PBXGroup;
			children = (
				27CF5A941E0A61C000BBE53F /* GameKit.framework */,
			);
			name = Frameworks;
			sourceTree = "<group>";
		};
/* End PBXGroup section */

/* Begin PBXNativeTarget section */
		271F11CD1E06516B0068561D /* Tiran */ = {
			isa = PBXNativeTarget;
			buildConfigurationList = 271F11FC1E06516B0068561D /* Build configuration list for PBXNativeTarget "Tiran" */;
			buildPhases = (
				271F11CA1E06516B0068561D /* Sources */,
				271F11CB1E06516B0068561D /* Frameworks */,
				271F11CC1E06516B0068561D /* Resources */,
			);
			buildRules = (
			);
			dependencies = (
			);
			name = Tiran;
			productName = Tiran;
			productReference = 271F11CE1E06516B0068561D /* Tiran.app */;
			productType = "com.apple.product-type.application";
		};
		271F11E71E06516B0068561D /* TiranTests */ = {
			isa = PBXNativeTarget;
			buildConfigurationList = 271F11FF1E06516B0068561D /* Build configuration list for PBXNativeTarget "TiranTests" */;
			buildPhases = (
				271F11E41E06516B0068561D /* Sources */,
				271F11E51E06516B0068561D /* Frameworks */,
				271F11E61E06516B0068561D /* Resources */,
			);
			buildRules = (
			);
			dependencies = (
				271F11EA1E06516B0068561D /* PBXTargetDependency */,
			);
			name = TiranTests;
			productName = TiranTests;
			productReference = 271F11E81E06516B0068561D /* TiranTests.xctest */;
			productType = "com.apple.product-type.bundle.unit-test";
		};
		271F11F21E06516B0068561D /* TiranUITests */ = {
			isa = PBXNativeTarget;
			buildConfigurationList = 271F12021E06516B0068561D /* Build configuration list for PBXNativeTarget "TiranUITests" */;
			buildPhases = (
				271F11EF1E06516B0068561D /* Sources */,
				271F11F01E06516B0068561D /* Frameworks */,
				271F11F11E06516B0068561D /* Resources */,
			);
			buildRules = (
			);
			dependencies = (
				271F11F51E06516B0068561D /* PBXTargetDependency */,
			);
			name = TiranUITests;
			productName = TiranUITests;
			productReference = 271F11F31E06516B0068561D /* TiranUITests.xctest */;
			productType = "com.apple.product-type.bundle.ui-testing";
		};
/* End PBXNativeTarget section */

/* Begin PBXProject section */
		271F11C61E06516B0068561D /* Project object */ = {
			isa = PBXProject;
			attributes = {
				LastSwiftUpdateCheck = 0820;
				LastUpgradeCheck = 0820;
				ORGANIZATIONNAME = Manickam;
				TargetAttributes = {
					271F11CD1E06516B0068561D = {
						CreatedOnToolsVersion = 8.2;
						DevelopmentTeam = YFEN9C7YQS;
						ProvisioningStyle = Automatic;
						SystemCapabilities = {
							com.apple.GameCenter = {
								enabled = 1;
							};
						};
					};
					271F11E71E06516B0068561D = {
						CreatedOnToolsVersion = 8.2;
						DevelopmentTeam = YFEN9C7YQS;
						ProvisioningStyle = Automatic;
						TestTargetID = 271F11CD1E06516B0068561D;
					};
					271F11F21E06516B0068561D = {
						CreatedOnToolsVersion = 8.2;
						DevelopmentTeam = YFEN9C7YQS;
						ProvisioningStyle = Automatic;
						TestTargetID = 271F11CD1E06516B0068561D;
					};
				};
			};
			buildConfigurationList = 271F11C91E06516B0068561D /* Build configuration list for PBXProject "Tiran" */;
			compatibilityVersion = "Xcode 3.2";
			developmentRegion = English;
			hasScannedForEncodings = 0;
			knownRegions = (
				en,
				Base,
			);
			mainGroup = 271F11C51E06516B0068561D;
			productRefGroup = 271F11CF1E06516B0068561D /* Products */;
			projectDirPath = "";
			projectRoot = "";
			targets = (
				271F11CD1E06516B0068561D /* Tiran */,
				271F11E71E06516B0068561D /* TiranTests */,
				271F11F21E06516B0068561D /* TiranUITests */,
			);
		};
/* End PBXProject section */

/* Begin PBXResourcesBuildPhase section */
		271F11CC1E06516B0068561D /* Resources */ = {
			isa = PBXResourcesBuildPhase;
			buildActionMask = 2147483647;
			files = (
				27C5B1081E0B755E0087B2E2 /* Player_1.atlas in Resources */,
				27C5B1111E0B76E20087B2E2 /* Player_4.atlas in Resources */,
				271F11DD1E06516B0068561D /* Main.storyboard in Resources */,
				271F11DF1E06516B0068561D /* Assets.xcassets in Resources */,
				271F5AC11E08B931000899ED /* PlayerScene.sks in Resources */,
				271F11E21E06516B0068561D /* LaunchScreen.storyboard in Resources */,
				27C5B10F1E0B76E20087B2E2 /* Player_2.atlas in Resources */,
				27C5B1101E0B76E20087B2E2 /* Player_3.atlas in Resources */,
			);
			runOnlyForDeploymentPostprocessing = 0;
		};
		271F11E61E06516B0068561D /* Resources */ = {
			isa = PBXResourcesBuildPhase;
			buildActionMask = 2147483647;
			files = (
			);
			runOnlyForDeploymentPostprocessing = 0;
		};
		271F11F11E06516B0068561D /* Resources */ = {
			isa = PBXResourcesBuildPhase;
			buildActionMask = 2147483647;
			files = (
			);
			runOnlyForDeploymentPostprocessing = 0;
		};
/* End PBXResourcesBuildPhase section */

/* Begin PBXSourcesBuildPhase section */
		271F11CA1E06516B0068561D /* Sources */ = {
			isa = PBXSourcesBuildPhase;
			buildActionMask = 2147483647;
			files = (
				27C5B1131E0B7BC00087B2E2 /* PlayerSelectionViewController.swift in Sources */,
				27CF5A921E0A5F0100BBE53F /* NetworkingViewController.swift in Sources */,
				27C5B1151E0B7F800087B2E2 /* PlayerSelectionTableViewCell.swift in Sources */,
				271F5AC31E08D676000899ED /* ControllerViewController.swift in Sources */,
				27458F401E0BE53900ADFFBC /* Player.swift in Sources */,
				271F11D81E06516B0068561D /* PlayerScene.swift in Sources */,
				271F11D21E06516B0068561D /* AppDelegate.swift in Sources */,
				271F5AC51E08DD9E000899ED /* JoystickViewController.swift in Sources */,
			);
			runOnlyForDeploymentPostprocessing = 0;
		};
		271F11E41E06516B0068561D /* Sources */ = {
			isa = PBXSourcesBuildPhase;
			buildActionMask = 2147483647;
			files = (
				271F11ED1E06516B0068561D /* TiranTests.swift in Sources */,
			);
			runOnlyForDeploymentPostprocessing = 0;
		};
		271F11EF1E06516B0068561D /* Sources */ = {
			isa = PBXSourcesBuildPhase;
			buildActionMask = 2147483647;
			files = (
				271F11F81E06516B0068561D /* TiranUITests.swift in Sources */,
			);
			runOnlyForDeploymentPostprocessing = 0;
		};
/* End PBXSourcesBuildPhase section */

/* Begin PBXTargetDependency section */
		271F11EA1E06516B0068561D /* PBXTargetDependency */ = {
			isa = PBXTargetDependency;
			target = 271F11CD1E06516B0068561D /* Tiran */;
			targetProxy = 271F11E91E06516B0068561D /* PBXContainerItemProxy */;
		};
		271F11F51E06516B0068561D /* PBXTargetDependency */ = {
			isa = PBXTargetDependency;
			target = 271F11CD1E06516B0068561D /* Tiran */;
			targetProxy = 271F11F41E06516B0068561D /* PBXContainerItemProxy */;
		};
/* End PBXTargetDependency section */

/* Begin PBXVariantGroup section */
		271F11DB1E06516B0068561D /* Main.storyboard */ = {
			isa = PBXVariantGroup;
			children = (
				271F11DC1E06516B0068561D /* Base */,
			);
			name = Main.storyboard;
			sourceTree = "<group>";
		};
		271F11E01E06516B0068561D /* LaunchScreen.storyboard */ = {
			isa = PBXVariantGroup;
			children = (
				271F11E11E06516B0068561D /* Base */,
			);
			name = LaunchScreen.storyboard;
			sourceTree = "<group>";
		};
/* End PBXVariantGroup section */

/* Begin XCBuildConfiguration section */
		271F11FA1E06516B0068561D /* Debug */ = {
			isa = XCBuildConfiguration;
			buildSettings = {
				ALWAYS_SEARCH_USER_PATHS = NO;
				CLANG_ANALYZER_NONNULL = YES;
				CLANG_CXX_LANGUAGE_STANDARD = "gnu++0x";
				CLANG_CXX_LIBRARY = "libc++";
				CLANG_ENABLE_MODULES = YES;
				CLANG_ENABLE_OBJC_ARC = YES;
				CLANG_WARN_BOOL_CONVERSION = YES;
				CLANG_WARN_CONSTANT_CONVERSION = YES;
				CLANG_WARN_DIRECT_OBJC_ISA_USAGE = YES_ERROR;
				CLANG_WARN_DOCUMENTATION_COMMENTS = YES;
				CLANG_WARN_EMPTY_BODY = YES;
				CLANG_WARN_ENUM_CONVERSION = YES;
				CLANG_WARN_INFINITE_RECURSION = YES;
				CLANG_WARN_INT_CONVERSION = YES;
				CLANG_WARN_OBJC_ROOT_CLASS = YES_ERROR;
				CLANG_WARN_SUSPICIOUS_MOVE = YES;
				CLANG_WARN_UNREACHABLE_CODE = YES;
				CLANG_WARN__DUPLICATE_METHOD_MATCH = YES;
				"CODE_SIGN_IDENTITY[sdk=iphoneos*]" = "iPhone Developer";
				COPY_PHASE_STRIP = NO;
				DEBUG_INFORMATION_FORMAT = dwarf;
				ENABLE_STRICT_OBJC_MSGSEND = YES;
				ENABLE_TESTABILITY = YES;
				GCC_C_LANGUAGE_STANDARD = gnu99;
				GCC_DYNAMIC_NO_PIC = NO;
				GCC_NO_COMMON_BLOCKS = YES;
				GCC_OPTIMIZATION_LEVEL = 0;
				GCC_PREPROCESSOR_DEFINITIONS = (
					"DEBUG=1",
					"$(inherited)",
				);
				GCC_WARN_64_TO_32_BIT_CONVERSION = YES;
				GCC_WARN_ABOUT_RETURN_TYPE = YES_ERROR;
				GCC_WARN_UNDECLARED_SELECTOR = YES;
				GCC_WARN_UNINITIALIZED_AUTOS = YES_AGGRESSIVE;
				GCC_WARN_UNUSED_FUNCTION = YES;
				GCC_WARN_UNUSED_VARIABLE = YES;
				IPHONEOS_DEPLOYMENT_TARGET = 10.2;
				MTL_ENABLE_DEBUG_INFO = YES;
				ONLY_ACTIVE_ARCH = YES;
				SDKROOT = iphoneos;
				SWIFT_ACTIVE_COMPILATION_CONDITIONS = DEBUG;
				SWIFT_OPTIMIZATION_LEVEL = "-Onone";
			};
			name = Debug;
		};
		271F11FB1E06516B0068561D /* Release */ = {
			isa = XCBuildConfiguration;
			buildSettings = {
				ALWAYS_SEARCH_USER_PATHS = NO;
				CLANG_ANALYZER_NONNULL = YES;
				CLANG_CXX_LANGUAGE_STANDARD = "gnu++0x";
				CLANG_CXX_LIBRARY = "libc++";
				CLANG_ENABLE_MODULES = YES;
				CLANG_ENABLE_OBJC_ARC = YES;
				CLANG_WARN_BOOL_CONVERSION = YES;
				CLANG_WARN_CONSTANT_CONVERSION = YES;
				CLANG_WARN_DIRECT_OBJC_ISA_USAGE = YES_ERROR;
				CLANG_WARN_DOCUMENTATION_COMMENTS = YES;
				CLANG_WARN_EMPTY_BODY = YES;
				CLANG_WARN_ENUM_CONVERSION = YES;
				CLANG_WARN_INFINITE_RECURSION = YES;
				CLANG_WARN_INT_CONVERSION = YES;
				CLANG_WARN_OBJC_ROOT_CLASS = YES_ERROR;
				CLANG_WARN_SUSPICIOUS_MOVE = YES;
				CLANG_WARN_UNREACHABLE_CODE = YES;
				CLANG_WARN__DUPLICATE_METHOD_MATCH = YES;
				"CODE_SIGN_IDENTITY[sdk=iphoneos*]" = "iPhone Developer";
				COPY_PHASE_STRIP = NO;
				DEBUG_INFORMATION_FORMAT = "dwarf-with-dsym";
				ENABLE_NS_ASSERTIONS = NO;
				ENABLE_STRICT_OBJC_MSGSEND = YES;
				GCC_C_LANGUAGE_STANDARD = gnu99;
				GCC_NO_COMMON_BLOCKS = YES;
				GCC_WARN_64_TO_32_BIT_CONVERSION = YES;
				GCC_WARN_ABOUT_RETURN_TYPE = YES_ERROR;
				GCC_WARN_UNDECLARED_SELECTOR = YES;
				GCC_WARN_UNINITIALIZED_AUTOS = YES_AGGRESSIVE;
				GCC_WARN_UNUSED_FUNCTION = YES;
				GCC_WARN_UNUSED_VARIABLE = YES;
				IPHONEOS_DEPLOYMENT_TARGET = 10.2;
				MTL_ENABLE_DEBUG_INFO = NO;
				SDKROOT = iphoneos;
				SWIFT_OPTIMIZATION_LEVEL = "-Owholemodule";
				VALIDATE_PRODUCT = YES;
			};
			name = Release;
		};
		271F11FD1E06516B0068561D /* Debug */ = {
			isa = XCBuildConfiguration;
			buildSettings = {
				ASSETCATALOG_COMPILER_APPICON_NAME = AppIcon;
				DEVELOPMENT_TEAM = YFEN9C7YQS;
				INFOPLIST_FILE = Tiran/Info.plist;
				IPHONEOS_DEPLOYMENT_TARGET = 10.0;
				LD_RUNPATH_SEARCH_PATHS = "$(inherited) @executable_path/Frameworks";
				PRODUCT_BUNDLE_IDENTIFIER = Mani.Tiran;
				PRODUCT_NAME = "$(TARGET_NAME)";
				SWIFT_VERSION = 3.0;
			};
			name = Debug;
		};
		271F11FE1E06516B0068561D /* Release */ = {
			isa = XCBuildConfiguration;
			buildSettings = {
				ASSETCATALOG_COMPILER_APPICON_NAME = AppIcon;
				DEVELOPMENT_TEAM = YFEN9C7YQS;
				INFOPLIST_FILE = Tiran/Info.plist;
				IPHONEOS_DEPLOYMENT_TARGET = 10.0;
				LD_RUNPATH_SEARCH_PATHS = "$(inherited) @executable_path/Frameworks";
				PRODUCT_BUNDLE_IDENTIFIER = Mani.Tiran;
				PRODUCT_NAME = "$(TARGET_NAME)";
				SWIFT_VERSION = 3.0;
			};
			name = Release;
		};
		271F12001E06516B0068561D /* Debug */ = {
			isa = XCBuildConfiguration;
			buildSettings = {
				ALWAYS_EMBED_SWIFT_STANDARD_LIBRARIES = YES;
				BUNDLE_LOADER = "$(TEST_HOST)";
				DEVELOPMENT_TEAM = YFEN9C7YQS;
				INFOPLIST_FILE = TiranTests/Info.plist;
				LD_RUNPATH_SEARCH_PATHS = "$(inherited) @executable_path/Frameworks @loader_path/Frameworks";
				PRODUCT_BUNDLE_IDENTIFIER = Mani.TiranTests;
				PRODUCT_NAME = "$(TARGET_NAME)";
				SWIFT_VERSION = 3.0;
				TEST_HOST = "$(BUILT_PRODUCTS_DIR)/Tiran.app/Tiran";
			};
			name = Debug;
		};
		271F12011E06516B0068561D /* Release */ = {
			isa = XCBuildConfiguration;
			buildSettings = {
				ALWAYS_EMBED_SWIFT_STANDARD_LIBRARIES = YES;
				BUNDLE_LOADER = "$(TEST_HOST)";
				DEVELOPMENT_TEAM = YFEN9C7YQS;
				INFOPLIST_FILE = TiranTests/Info.plist;
				LD_RUNPATH_SEARCH_PATHS = "$(inherited) @executable_path/Frameworks @loader_path/Frameworks";
				PRODUCT_BUNDLE_IDENTIFIER = Mani.TiranTests;
				PRODUCT_NAME = "$(TARGET_NAME)";
				SWIFT_VERSION = 3.0;
				TEST_HOST = "$(BUILT_PRODUCTS_DIR)/Tiran.app/Tiran";
			};
			name = Release;
		};
		271F12031E06516B0068561D /* Debug */ = {
			isa = XCBuildConfiguration;
			buildSettings = {
				ALWAYS_EMBED_SWIFT_STANDARD_LIBRARIES = YES;
				DEVELOPMENT_TEAM = YFEN9C7YQS;
				INFOPLIST_FILE = TiranUITests/Info.plist;
				LD_RUNPATH_SEARCH_PATHS = "$(inherited) @executable_path/Frameworks @loader_path/Frameworks";
				PRODUCT_BUNDLE_IDENTIFIER = Mani.TiranUITests;
				PRODUCT_NAME = "$(TARGET_NAME)";
				SWIFT_VERSION = 3.0;
				TEST_TARGET_NAME = Tiran;
			};
			name = Debug;
		};
		271F12041E06516B0068561D /* Release */ = {
			isa = XCBuildConfiguration;
			buildSettings = {
				ALWAYS_EMBED_SWIFT_STANDARD_LIBRARIES = YES;
				DEVELOPMENT_TEAM = YFEN9C7YQS;
				INFOPLIST_FILE = TiranUITests/Info.plist;
				LD_RUNPATH_SEARCH_PATHS = "$(inherited) @executable_path/Frameworks @loader_path/Frameworks";
				PRODUCT_BUNDLE_IDENTIFIER = Mani.TiranUITests;
				PRODUCT_NAME = "$(TARGET_NAME)";
				SWIFT_VERSION = 3.0;
				TEST_TARGET_NAME = Tiran;
			};
			name = Release;
		};
/* End XCBuildConfiguration section */

/* Begin XCConfigurationList section */
		271F11C91E06516B0068561D /* Build configuration list for PBXProject "Tiran" */ = {
			isa = XCConfigurationList;
			buildConfigurations = (
				271F11FA1E06516B0068561D /* Debug */,
				271F11FB1E06516B0068561D /* Release */,
			);
			defaultConfigurationIsVisible = 0;
			defaultConfigurationName = Release;
		};
		271F11FC1E06516B0068561D /* Build configuration list for PBXNativeTarget "Tiran" */ = {
			isa = XCConfigurationList;
			buildConfigurations = (
				271F11FD1E06516B0068561D /* Debug */,
				271F11FE1E06516B0068561D /* Release */,
			);
			defaultConfigurationIsVisible = 0;
			defaultConfigurationName = Release;
		};
		271F11FF1E06516B0068561D /* Build configuration list for PBXNativeTarget "TiranTests" */ = {
			isa = XCConfigurationList;
			buildConfigurations = (
				271F12001E06516B0068561D /* Debug */,
				271F12011E06516B0068561D /* Release */,
			);
			defaultConfigurationIsVisible = 0;
			defaultConfigurationName = Release;
		};
		271F12021E06516B0068561D /* Build configuration list for PBXNativeTarget "TiranUITests" */ = {
			isa = XCConfigurationList;
			buildConfigurations = (
				271F12031E06516B0068561D /* Debug */,
				271F12041E06516B0068561D /* Release */,
			);
			defaultConfigurationIsVisible = 0;
			defaultConfigurationName = Release;
		};
/* End XCConfigurationList section */
	};
	rootObject = 271F11C61E06516B0068561D /* Project object */;
}
